# This file is automatically @generated by Poetry 1.8.3 and should not be changed by hand.

[[package]]
name = "python-dotenv"
version = "1.0.1"
description = "Read key-value pairs from a .env file and set them as environment variables"
optional = false
python-versions = ">=3.8"
files = [
    {file = "python-dotenv-1.0.1.tar.gz", hash = "sha256:e324ee90a023d808f1959c46bcbc04446a10ced277783dc6ee09987c37ec10ca"},
    {file = "python_dotenv-1.0.1-py3-none-any.whl", hash = "sha256:f7b63ef50f1b690dddf550d03497b66d609393b40b564ed0d674909a68ebf16a"},
]

[package.extras]
cli = ["click (>=5.0)"]

[[package]]
name = "robotframework"
version = "7.1"
description = "Generic automation framework for acceptance testing and robotic process automation (RPA)"
optional = false
python-versions = ">=3.8"
files = [
    {file = "robotframework-7.1-py3-none-any.whl", hash = "sha256:23b4c80e0079e512fb3322fd1505a2cfc4ab054903ce96c121c215034bd5c7fc"},
    {file = "robotframework-7.1.zip", hash = "sha256:34796d387e182b36f05d82f3bbc802bd6a30192ebf1e03c76d2086d0d04faaff"},
]

[metadata]
lock-version = "2.0"
python-versions = "^3.8"
content-hash = "d3ae6106b0c5d8dd79949facb95b88715c9f46c427e4a95a2e74073565b5b84e"
